{
  "nodes": {
    "darwin": {
      "inputs": {
        "nixpkgs": [
          "nixpkgs-unstable"
        ]
      },
      "locked": {
        "lastModified": 1651916036,
        "narHash": "sha256-UuD9keUGm4IuVEV6wdSYbuRm7CwfXE63hVkzKDjVsh4=",
        "owner": "LnL7",
        "repo": "nix-darwin",
        "rev": "2f2bdf658d2b79bada78dc914af99c53cad37cba",
        "type": "github"
      },
      "original": {
        "owner": "LnL7",
        "ref": "master",
        "repo": "nix-darwin",
        "type": "github"
      }
    },
    "flake-compat": {
      "flake": false,
      "locked": {
        "lastModified": 1650374568,
        "narHash": "sha256-Z+s0J8/r907g149rllvwhb4pKi8Wam5ij0st8PwAh+E=",
        "owner": "edolstra",
        "repo": "flake-compat",
        "rev": "b4a34015c698c7793d592d66adbab377907a2be8",
        "type": "github"
      },
      "original": {
        "owner": "edolstra",
        "repo": "flake-compat",
        "type": "github"
      }
    },
    "flake-utils": {
      "locked": {
        "lastModified": 1649676176,
        "narHash": "sha256-OWKJratjt2RW151VUlJPRALb7OU2S5s+f0vLj4o1bHM=",
        "owner": "numtide",
        "repo": "flake-utils",
        "rev": "a4b154ebbdc88c8498a5c7b01589addc9e9cb678",
        "type": "github"
      },
      "original": {
        "owner": "numtide",
        "repo": "flake-utils",
        "type": "github"
      }
    },
    "home-manager": {
      "inputs": {
        "nixpkgs": [
          "nixpkgs-unstable"
        ]
      },
      "locked": {
        "lastModified": 1651415224,
        "narHash": "sha256-O/EzwxUMa1OawWEwhS10Xki7RX3+hSgaJJziHeI4d7c=",
        "owner": "nix-community",
        "repo": "home-manager",
        "rev": "26858fc0dbed71fa0609490fc2f2643e0d175328",
        "type": "github"
      },
      "original": {
        "owner": "nix-community",
        "repo": "home-manager",
        "type": "github"
      }
    },
    "nixos-stable": {
      "locked": {
        "lastModified": 1651310835,
        "narHash": "sha256-MLk/zsLlbPhwFucxL64Fr+oIrvQC2/76Ap2F7ekbPNI=",
        "owner": "NixOS",
        "repo": "nixpkgs",
        "rev": "fd3e33d696b81e76b30160dfad2efb7ac1f19879",
        "type": "github"
      },
      "original": {
        "owner": "NixOS",
        "ref": "nixos-21.11",
        "repo": "nixpkgs",
        "type": "github"
      }
    },
    "nixpkgs-master": {
      "locked": {
        "lastModified": 1651512845,
        "narHash": "sha256-k2Mw4U3Bq0ZGOlqTFOtlwxpW0DDMxQfbulJqg0ZfoYA=",
        "owner": "NixOS",
        "repo": "nixpkgs",
        "rev": "b521c51c8322c897c0d5cf2168a29ba1e1222d76",
        "type": "github"
      },
      "original": {
        "owner": "NixOS",
        "ref": "master",
        "repo": "nixpkgs",
        "type": "github"
      }
    },
    "nixpkgs-stable": {
      "locked": {
        "lastModified": 1651471519,
        "narHash": "sha256-3YURhJCNTFmpSZexOC7AFhrIyumywNqM6MvrfoVIkJ8=",
        "owner": "NixOS",
        "repo": "nixpkgs",
        "rev": "66a2919980c87f22fa199f9e2210ea71504f2fd0",
        "type": "github"
      },
      "original": {
        "owner": "NixOS",
        "ref": "nixpkgs-21.11-darwin",
        "repo": "nixpkgs",
        "type": "github"
      }
    },
    "nixpkgs-unstable": {
      "locked": {
        "lastModified": 1651369430,
        "narHash": "sha256-d86uUm0s11exU9zLo2K1AwtJQJDKubFpoF0Iw767uT4=",
        "owner": "NixOS",
        "repo": "nixpkgs",
        "rev": "b283b64580d1872333a99af2b4cef91bb84580cf",
        "type": "github"
      },
      "original": {
        "owner": "NixOS",
        "ref": "nixpkgs-unstable",
        "repo": "nixpkgs",
        "type": "github"
      }
    },
    "root": {
      "inputs": {
        "darwin": "darwin",
        "flake-compat": "flake-compat",
        "flake-utils": "flake-utils",
        "home-manager": "home-manager",
        "nixos-stable": "nixos-stable",
        "nixpkgs-master": "nixpkgs-master",
        "nixpkgs-stable": "nixpkgs-stable",
        "nixpkgs-unstable": "nixpkgs-unstable"
      }
    }
  },
  "root": "root",
  "version": 7
}
